// !$*UTF8*$!
{
	archiveVersion = 1;
	classes = {
	};
	objectVersion = 46;
	objects = {

/* Begin PBXBuildFile section */
		EEE4674C1DFB40CA006517FF /* AppDelegate.swift in Sources */ = {isa = PBXBuildFile; fileRef = EEE4674B1DFB40CA006517FF /* AppDelegate.swift */; };
		EEE4674E1DFB40CA006517FF /* ViewController.swift in Sources */ = {isa = PBXBuildFile; fileRef = EEE4674D1DFB40CA006517FF /* ViewController.swift */; };
		EEE467511DFB40CA006517FF /* Main.storyboard in Resources */ = {isa = PBXBuildFile; fileRef = EEE4674F1DFB40CA006517FF /* Main.storyboard */; };
		EEE467531DFB40CA006517FF /* Assets.xcassets in Resources */ = {isa = PBXBuildFile; fileRef = EEE467521DFB40CA006517FF /* Assets.xcassets */; };
		EEE467561DFB40CA006517FF /* LaunchScreen.storyboard in Resources */ = {isa = PBXBuildFile; fileRef = EEE467541DFB40CA006517FF /* LaunchScreen.storyboard */; };
/* End PBXBuildFile section */

/* Begin PBXFileReference section */
		EEE467481DFB40CA006517FF /* OBOLabel.app */ = {isa = PBXFileReference; explicitFileType = wrapper.application; includeInIndex = 0; path = OBOLabel.app; sourceTree = BUILT_PRODUCTS_DIR; };
		EEE4674B1DFB40CA006517FF /* AppDelegate.swift */ = {isa = PBXFileReference; lastKnownFileType = sourcecode.swift; path = AppDelegate.swift; sourceTree = "<group>"; };
		EEE4674D1DFB40CA006517FF /* ViewController.swift */ = {isa = PBXFileReference; lastKnownFileType = sourcecode.swift; path = ViewController.swift; sourceTree = "<group>"; };
		EEE467501DFB40CA006517FF /* Base */ = {isa = PBXFileReference; lastKnownFileType = file.storyboard; name = Base; path = Base.lproj/Main.storyboard; sourceTree = "<group>"; };
		EEE467521DFB40CA006517FF /* Assets.xcassets */ = {isa = PBXFileReference; lastKnownFileType = folder.assetcatalog; path = Assets.xcassets; sourceTree = "<group>"; };
		EEE467551DFB40CA006517FF /* Base */ = {isa = PBXFileReference; lastKnownFileType = file.storyboard; name = Base; path = Base.lproj/LaunchScreen.storyboard; sourceTree = "<group>"; };
		EEE467571DFB40CA006517FF /* Info.plist */ = {isa = PBXFileReference; lastKnownFileType = text.plist.xml; path = Info.plist; sourceTree = "<group>"; };
/* End PBXFileReference section */

/* Begin PBXFrameworksBuildPhase section */
		EEE467451DFB40CA006517FF /* Frameworks */ = {
			isa = PBXFrameworksBuildPhase;
			buildActionMask = 2147483647;
			files = (
			);
			runOnlyForDeploymentPostprocessing = 0;
		};
/* End PBXFrameworksBuildPhase section */

/* Begin PBXGroup section */
		EEE4673F1DFB40C9006517FF = {
			isa = PBXGroup;
			children = (
				EEE4674A1DFB40CA006517FF /* OBOLabel */,
				EEE467491DFB40CA006517FF /* Products */,
			);
			sourceTree = "<group>";
		};
		EEE467491DFB40CA006517FF /* Products */ = {
			isa = PBXGroup;
			children = (
				EEE467481DFB40CA006517FF /* OBOLabel.app */,
			);
			name = Products;
			sourceTree = "<group>";
		};
		EEE4674A1DFB40CA006517FF /* OBOLabel */ = {
			isa = PBXGroup;
			children = (
				EEE4674B1DFB40CA006517FF /* AppDelegate.swift */,
				EEE4674D1DFB40CA006517FF /* ViewController.swift */,
				EEE4674F1DFB40CA006517FF /* Main.storyboard */,
				EEE467521DFB40CA006517FF /* Assets.xcassets */,
				EEE467541DFB40CA006517FF /* LaunchScreen.storyboard */,
				EEE467571DFB40CA006517FF /* Info.plist */,
			);
			path = OBOLabel;
			sourceTree = "<group>";
		};
/* End PBXGroup section */

/* Begin PBXNativeTarget section */
		EEE467471DFB40CA006517FF /* OBOLabel */ = {
			isa = PBXNativeTarget;
			buildConfigurationList = EEE4675A1DFB40CA006517FF /* Build configuration list for PBXNativeTarget "OBOLabel" */;
			buildPhases = (
				EEE467441DFB40CA006517FF /* Sources */,
				EEE467451DFB40CA006517FF /* Frameworks */,
				EEE467461DFB40CA006517FF /* Resources */,
			);
			buildRules = (
			);
			dependencies = (
			);
			name = OBOLabel;
			productName = OBOLabel;
			productReference = EEE467481DFB40CA006517FF /* OBOLabel.app */;
			productType = "com.apple.product-type.application";
		};
/* End PBXNativeTarget section */

/* Begin PBXProject section */
		EEE467401DFB40C9006517FF /* Project object */ = {
			isa = PBXProject;
			attributes = {
				LastSwiftUpdateCheck = 0810;
				LastUpgradeCheck = 0810;
				ORGANIZATIONNAME = obodev;
				TargetAttributes = {
					EEE467471DFB40CA006517FF = {
						CreatedOnToolsVersion = 8.1;
						DevelopmentTeam = 9DLF37G2J3;
						ProvisioningStyle = Automatic;
					};
				};
			};
			buildConfigurationList = EEE467431DFB40C9006517FF /* Build configuration list for PBXProject "OBOLabel" */;
			compatibilityVersion = "Xcode 3.2";
			developmentRegion = English;
			hasScannedForEncodings = 0;
			knownRegions = (
				en,
				Base,
			);
			mainGroup = EEE4673F1DFB40C9006517FF;
			productRefGroup = EEE467491DFB40CA006517FF /* Products */;
			projectDirPath = "";
			projectRoot = "";
			targets = (
				EEE467471DFB40CA006517FF /* OBOLabel */,
			);
		};
/* End PBXProject section */

/* Begin PBXResourcesBuildPhase section */
		EEE467461DFB40CA006517FF /* Resources */ = {
			isa = PBXResourcesBuildPhase;
			buildActionMask = 2147483647;
			files = (
				EEE467561DFB40CA006517FF /* LaunchScreen.storyboard in Resources */,
				EEE467531DFB40CA006517FF /* Assets.xcassets in Resources */,
				EEE467511DFB40CA006517FF /* Main.storyboard in Resources */,
			);
			runOnlyForDeploymentPostprocessing = 0;
		};
/* End PBXResourcesBuildPhase section */

/* Begin PBXSourcesBuildPhase section */
		EEE467441DFB40CA006517FF /* Sources */ = {
			isa = PBXSourcesBuildPhase;
			buildActionMask = 2147483647;
			files = (
				EEE4674E1DFB40CA006517FF /* ViewController.swift in Sources */,
				EEE4674C1DFB40CA006517FF /* AppDelegate.swift in Sources */,
			);
			runOnlyForDeploymentPostprocessing = 0;
		};
/* End PBXSourcesBuildPhase section */

/* Begin PBXVariantGroup section */
		EEE4674F1DFB40CA006517FF /* Main.storyboard */ = {
			isa = PBXVariantGroup;
			children = (
				EEE467501DFB40CA006517FF /* Base */,
			);
			name = Main.storyboard;
			sourceTree = "<group>";
		};
		EEE467541DFB40CA006517FF /* LaunchScreen.storyboard */ = {
			isa = PBXVariantGroup;
			children = (
				EEE467551DFB40CA006517FF /* Base */,
			);
			name = LaunchScreen.storyboard;
			sourceTree = "<group>";
		};
/* End PBXVariantGroup section */

/* Begin XCBuildConfiguration section */
		EEE467581DFB40CA006517FF /* Debug */ = {
			isa = XCBuildConfiguration;
			buildSettings = {
				ALWAYS_SEARCH_USER_PATHS = NO;
				CLANG_ANALYZER_NONNULL = YES;
				CLANG_CXX_LANGUAGE_STANDARD = "gnu++0x";
				CLANG_CXX_LIBRARY = "libc++";
				CLANG_ENABLE_MODULES = YES;
				CLANG_ENABLE_OBJC_ARC = YES;
				CLANG_WARN_BOOL_CONVERSION = YES;
				CLANG_WARN_CONSTANT_CONVERSION = YES;
				CLANG_WARN_DIRECT_OBJC_ISA_USAGE = YES_ERROR;
				CLANG_WARN_DOCUMENTATION_COMMENTS = YES;
				CLANG_WARN_EMPTY_BODY = YES;
				CLANG_WARN_ENUM_CONVERSION = YES;
				CLANG_WARN_INFINITE_RECURSION = YES;
				CLANG_WARN_INT_CONVERSION = YES;
				CLANG_WARN_OBJC_ROOT_CLASS = YES_ERROR;
				CLANG_WARN_SUSPICIOUS_MOVES = YES;
				CLANG_WARN_UNREACHABLE_CODE = YES;
				CLANG_WARN__DUPLICATE_METHOD_MATCH = YES;
				"CODE_SIGN_IDENTITY[sdk=iphoneos*]" = "iPhone Developer";
				COPY_PHASE_STRIP = NO;
				DEBUG_INFORMATION_FORMAT = dwarf;
				ENABLE_STRICT_OBJC_MSGSEND = YES;
				ENABLE_TESTABILITY = YES;
				GCC_C_LANGUAGE_STANDARD = gnu99;
				GCC_DYNAMIC_NO_PIC = NO;
				GCC_NO_COMMON_BLOCKS = YES;
				GCC_OPTIMIZATION_LEVEL = 0;
				GCC_PREPROCESSOR_DEFINITIONS = (
					"DEBUG=1",
					"$(inherited)",
				);
				GCC_WARN_64_TO_32_BIT_CONVERSION = YES;
				GCC_WARN_ABOUT_RETURN_TYPE = YES_ERROR;
				GCC_WARN_UNDECLARED_SELECTOR = YES;
				GCC_WARN_UNINITIALIZED_AUTOS = YES_AGGRESSIVE;
				GCC_WARN_UNUSED_FUNCTION = YES;
				GCC_WARN_UNUSED_VARIABLE = YES;
				IPHONEOS_DEPLOYMENT_TARGET = 10.1;
				MTL_ENABLE_DEBUG_INFO = YES;
				ONLY_ACTIVE_ARCH = YES;
				SDKROOT = iphoneos;
				SWIFT_ACTIVE_COMPILATION_CONDITIONS = DEBUG;
				SWIFT_OPTIMIZATION_LEVEL = "-Onone";
			};
			name = Debug;
		};
		EEE467591DFB40CA006517FF /* Release */ = {
			isa = XCBuildConfiguration;
			buildSettings = {
				ALWAYS_SEARCH_USER_PATHS = NO;
				CLANG_ANALYZER_NONNULL = YES;
				CLANG_CXX_LANGUAGE_STANDARD = "gnu++0x";
				CLANG_CXX_LIBRARY = "libc++";
				CLANG_ENABLE_MODULES = YES;
				CLANG_ENABLE_OBJC_ARC = YES;
				CLANG_WARN_BOOL_CONVERSION = YES;
				CLANG_WARN_CONSTANT_CONVERSION = YES;
				CLANG_WARN_DIRECT_OBJC_ISA_USAGE = YES_ERROR;
				CLANG_WARN_DOCUMENTATION_COMMENTS = YES;
				CLANG_WARN_EMPTY_BODY = YES;
				CLANG_WARN_ENUM_CONVERSION = YES;
				CLANG_WARN_INFINITE_RECURSION = YES;
				CLANG_WARN_INT_CONVERSION = YES;
				CLANG_WARN_OBJC_ROOT_CLASS = YES_ERROR;
				CLANG_WARN_SUSPICIOUS_MOVES = YES;
				CLANG_WARN_UNREACHABLE_CODE = YES;
				CLANG_WARN__DUPLICATE_METHOD_MATCH = YES;
				"CODE_SIGN_IDENTITY[sdk=iphoneos*]" = "iPhone Developer";
				COPY_PHASE_STRIP = NO;
				DEBUG_INFORMATION_FORMAT = "dwarf-with-dsym";
				ENABLE_NS_ASSERTIONS = NO;
				ENABLE_STRICT_OBJC_MSGSEND = YES;
				GCC_C_LANGUAGE_STANDARD = gnu99;
				GCC_NO_COMMON_BLOCKS = YES;
				GCC_WARN_64_TO_32_BIT_CONVERSION = YES;
				GCC_WARN_ABOUT_RETURN_TYPE = YES_ERROR;
				GCC_WARN_UNDECLARED_SELECTOR = YES;
				GCC_WARN_UNINITIALIZED_AUTOS = YES_AGGRESSIVE;
				GCC_WARN_UNUSED_FUNCTION = YES;
				GCC_WARN_UNUSED_VARIABLE = YES;
				IPHONEOS_DEPLOYMENT_TARGET = 10.1;
				MTL_ENABLE_DEBUG_INFO = NO;
				SDKROOT = iphoneos;
				SWIFT_OPTIMIZATION_LEVEL = "-Owholemodule";
				VALIDATE_PRODUCT = YES;
			};
			name = Release;
		};
		EEE4675B1DFB40CA006517FF /* Debug */ = {
			isa = XCBuildConfiguration;
			buildSettings = {
				ASSETCATALOG_COMPILER_APPICON_NAME = AppIcon;
				DEVELOPMENT_TEAM = 9DLF37G2J3;
				INFOPLIST_FILE = OBOLabel/Info.plist;
				LD_RUNPATH_SEARCH_PATHS = "$(inherited) @executable_path/Frameworks";
				PRODUCT_BUNDLE_IDENTIFIER = obodev.OBOLabel;
				PRODUCT_NAME = "$(TARGET_NAME)";
				SWIFT_VERSION = 3.0;
			};
			name = Debug;
		};
		EEE4675C1DFB40CA006517FF /* Release */ = {
			isa = XCBuildConfiguration;
			buildSettings = {
				ASSETCATALOG_COMPILER_APPICON_NAME = AppIcon;
				DEVELOPMENT_TEAM = 9DLF37G2J3;
				INFOPLIST_FILE = OBOLabel/Info.plist;
				LD_RUNPATH_SEARCH_PATHS = "$(inherited) @executable_path/Frameworks";
				PRODUCT_BUNDLE_IDENTIFIER = obodev.OBOLabel;
				PRODUCT_NAME = "$(TARGET_NAME)";
				SWIFT_VERSION = 3.0;
			};
			name = Release;
		};
/* End XCBuildConfiguration section */

/* Begin XCConfigurationList section */
		EEE467431DFB40C9006517FF /* Build configuration list for PBXProject "OBOLabel" */ = {
			isa = XCConfigurationList;
			buildConfigurations = (
				EEE467581DFB40CA006517FF /* Debug */,
				EEE467591DFB40CA006517FF /* Release */,
			);
			defaultConfigurationIsVisible = 0;
			defaultConfigurationName = Release;
		};
		EEE4675A1DFB40CA006517FF /* Build configuration list for PBXNativeTarget "OBOLabel" */ = {
			isa = XCConfigurationList;
			buildConfigurations = (
				EEE4675B1DFB40CA006517FF /* Debug */,
				EEE4675C1DFB40CA006517FF /* Release */,
			);
			defaultConfigurationIsVisible = 0;
		};
/* End XCConfigurationList section */
	};
	rootObject = EEE467401DFB40C9006517FF /* Project object */;
}
